
Microsoft Visual Studio Solution File, Format Version 12.00
# Visual Studio Version 17
VisualStudioVersion = 17.1.32328.378
MinimumVisualStudioVersion = 10.0.40219.1
Project("{9A19103F-16F7-4668-BE54-9A1E7A4F7556}") = "SlowAnimationMinimalApp", "SlowAnimationMinimalApp\SlowAnimationMinimalApp.csproj", "{4AB895C1-ECA7-46A5-8238-F674506384AD}"
EndProject
Project("{9A19103F-16F7-4668-BE54-9A1E7A4F7556}") = "DialogHost.Avalonia", "DialogHost.Avalonia\DialogHost.Avalonia.csproj", "{49A38033-4DF5-4F60-9003-2D8BB49E3BDB}"
EndProject
Global
	GlobalSection(SolutionConfigurationPlatforms) = preSolution
		Debug|Any CPU = Debug|Any CPU
		Release|Any CPU = Release|Any CPU
	EndGlobalSection
	GlobalSection(ProjectConfigurationPlatforms) = postSolution
		{4AB895C1-ECA7-46A5-8238-F674506384AD}.Debug|Any CPU.ActiveCfg = Debug|Any CPU
		{4AB895C1-ECA7-46A5-8238-F674506384AD}.Debug|Any CPU.Build.0 = Debug|Any CPU
		{4AB895C1-ECA7-46A5-8238-F674506384AD}.Release|Any CPU.ActiveCfg = Release|Any CPU
		{4AB895C1-ECA7-46A5-8238-F674506384AD}.Release|Any CPU.Build.0 = Release|Any CPU
		{49A38033-4DF5-4F60-9003-2D8BB49E3BDB}.Debug|Any CPU.ActiveCfg = Debug|Any CPU
		{49A38033-4DF5-4F60-9003-2D8BB49E3BDB}.Debug|Any CPU.Build.0 = Debug|Any CPU
		{49A38033-4DF5-4F60-9003-2D8BB49E3BDB}.Release|Any CPU.ActiveCfg = Release|Any CPU
		{49A38033-4DF5-4F60-9003-2D8BB49E3BDB}.Release|Any CPU.Build.0 = Release|Any CPU
	EndGlobalSection
	GlobalSection(SolutionProperties) = preSolution
		HideSolutionNode = FALSE
	EndGlobalSection
	GlobalSection(ExtensibilityGlobals) = postSolution
		SolutionGuid = {4748F7AC-053C-4885-9044-05906AE75F0B}
	EndGlobalSection
EndGlobal
